
Microsoft Visual Studio Solution File, Format Version 12.00
Project("{FAE04EC0-301F-11D3-BF4B-00C04F79EFBC}") = "backend.kapace", "backend.kapace\backend.kapace.csproj", "{21A1E8AC-6001-4286-B5E7-80276420C750}"
EndProject
Project("{FAE04EC0-301F-11D3-BF4B-00C04F79EFBC}") = "backend.Migrator", "backend.Migrator\backend.Migrator.csproj", "{B0D487D8-B1C9-475A-9969-56AFA718E37F}"
EndProject
Project("{FAE04EC0-301F-11D3-BF4B-00C04F79EFBC}") = "backend.Infrastructure", "backend.Infrastructure\backend.Infrastructure.csproj", "{E4FCD6B1-D757-4945-AEA0-8F6A8BA973EA}"
EndProject
Project("{FAE04EC0-301F-11D3-BF4B-00C04F79EFBC}") = "backend.Models", "backend.Models\backend.Models.csproj", "{9D219B39-3820-46AB-868A-EB71FDB28345}"
EndProject
Global
	GlobalSection(SolutionConfigurationPlatforms) = preSolution
		Debug|Any CPU = Debug|Any CPU
		Release|Any CPU = Release|Any CPU
	EndGlobalSection
	GlobalSection(ProjectConfigurationPlatforms) = postSolution
		{21A1E8AC-6001-4286-B5E7-80276420C750}.Debug|Any CPU.ActiveCfg = Debug|Any CPU
		{21A1E8AC-6001-4286-B5E7-80276420C750}.Debug|Any CPU.Build.0 = Debug|Any CPU
		{21A1E8AC-6001-4286-B5E7-80276420C750}.Release|Any CPU.ActiveCfg = Release|Any CPU
		{21A1E8AC-6001-4286-B5E7-80276420C750}.Release|Any CPU.Build.0 = Release|Any CPU
		{B0D487D8-B1C9-475A-9969-56AFA718E37F}.Debug|Any CPU.ActiveCfg = Debug|Any CPU
		{B0D487D8-B1C9-475A-9969-56AFA718E37F}.Debug|Any CPU.Build.0 = Debug|Any CPU
		{B0D487D8-B1C9-475A-9969-56AFA718E37F}.Release|Any CPU.ActiveCfg = Release|Any CPU
		{B0D487D8-B1C9-475A-9969-56AFA718E37F}.Release|Any CPU.Build.0 = Release|Any CPU
		{E4FCD6B1-D757-4945-AEA0-8F6A8BA973EA}.Debug|Any CPU.ActiveCfg = Debug|Any CPU
		{E4FCD6B1-D757-4945-AEA0-8F6A8BA973EA}.Debug|Any CPU.Build.0 = Debug|Any CPU
		{E4FCD6B1-D757-4945-AEA0-8F6A8BA973EA}.Release|Any CPU.ActiveCfg = Release|Any CPU
		{E4FCD6B1-D757-4945-AEA0-8F6A8BA973EA}.Release|Any CPU.Build.0 = Release|Any CPU
		{9D219B39-3820-46AB-868A-EB71FDB28345}.Debug|Any CPU.ActiveCfg = Debug|Any CPU
		{9D219B39-3820-46AB-868A-EB71FDB28345}.Debug|Any CPU.Build.0 = Debug|Any CPU
		{9D219B39-3820-46AB-868A-EB71FDB28345}.Release|Any CPU.ActiveCfg = Release|Any CPU
		{9D219B39-3820-46AB-868A-EB71FDB28345}.Release|Any CPU.Build.0 = Release|Any CPU
	EndGlobalSection
EndGlobal
